
Microsoft Visual Studio Solution File, Format Version 12.00
# Visual Studio Express 2012 for Windows Desktop
Project("{FAE04EC0-301F-11D3-BF4B-00C04F79EFBC}") = "DephiUseCSharp", "DephiUseCSharp\DephiUseCSharp.csproj", "{D2EA4EB9-653B-4DD4-815E-A50B13CCC498}"
EndProject
Global
	GlobalSection(SolutionConfigurationPlatforms) = preSolution
		Debug|Any CPU = Debug|Any CPU
		Release|Any CPU = Release|Any CPU
	EndGlobalSection
	GlobalSection(ProjectConfigurationPlatforms) = postSolution
		{D2EA4EB9-653B-4DD4-815E-A50B13CCC498}.Debug|Any CPU.ActiveCfg = Debug|Any CPU
		{D2EA4EB9-653B-4DD4-815E-A50B13CCC498}.Debug|Any CPU.Build.0 = Debug|Any CPU
		{D2EA4EB9-653B-4DD4-815E-A50B13CCC498}.Release|Any CPU.ActiveCfg = Release|Any CPU
		{D2EA4EB9-653B-4DD4-815E-A50B13CCC498}.Release|Any CPU.Build.0 = Release|Any CPU
	EndGlobalSection
	GlobalSection(SolutionProperties) = preSolution
		HideSolutionNode = FALSE
	EndGlobalSection
EndGlobal
